<?xml version="1.0" encoding="utf-8"?>
<Project ToolsVersion="4.0" xmlns="http://schemas.microsoft.com/developer/msbuild/2003">
  <ItemGroup>
    <Filter Include="Saga">
      <UniqueIdentifier>{413D8C7C-2D74-8D0D-D660-7310C276090F}</UniqueIdentifier>
    </Filter>
    <Filter Include="Saga\Events">
      <UniqueIdentifier>{0556F2DE-710B-6BD4-FAFF-64AB66B461D8}</UniqueIdentifier>
    </Filter>
  </ItemGroup>
  <ItemGroup>
    <ClInclude Include="source\BackupTest.h" />
    <ClInclude Include="source\Saga.h" />
    <ClInclude Include="source\Saga\Application.h">
      <Filter>Saga</Filter>
    </ClInclude>
    <ClInclude Include="source\Saga\Core.h">
      <Filter>Saga</Filter>
    </ClInclude>
    <ClInclude Include="source\Saga\EntryPoint.h">
      <Filter>Saga</Filter>
    </ClInclude>
    <ClInclude Include="source\Saga\Events\ApplicationEvent.h">
      <Filter>Saga\Events</Filter>
    </ClInclude>
    <ClInclude Include="source\Saga\Events\Event.h">
      <Filter>Saga\Events</Filter>
    </ClInclude>
    <ClInclude Include="source\Saga\Events\KeyEvent.h">
      <Filter>Saga\Events</Filter>
    </ClInclude>
    <ClInclude Include="source\Saga\Events\MouseEvent.h">
      <Filter>Saga\Events</Filter>
    </ClInclude>
    <ClInclude Include="source\Saga\Events\WindowEvent.h">
      <Filter>Saga\Events</Filter>
    </ClInclude>
    <ClInclude Include="source\Saga\Log.h">
      <Filter>Saga</Filter>
    </ClInclude>
    <ClInclude Include="source\SagaPrecompiledHeaders.h" />
  </ItemGroup>
  <ItemGroup>
    <ClCompile Include="source\Saga\Application.cpp">
      <Filter>Saga</Filter>
    </ClCompile>
    <ClCompile Include="source\Saga\Log.cpp">
      <Filter>Saga</Filter>
    </ClCompile>
    <ClCompile Include="source\SagaPrecompiledHeaders.cpp" />
  </ItemGroup>
</Project>