<?xml version="1.0" encoding="utf-8"?>
<Project ToolsVersion="4.0" xmlns="http://schemas.microsoft.com/developer/msbuild/2003">
  <ItemGroup>
    <Filter Include="Saga">
      <UniqueIdentifier>{413D8C7C-2D74-8D0D-D660-7310C276090F}</UniqueIdentifier>
    </Filter>
  </ItemGroup>
  <ItemGroup>
    <ClInclude Include="source\Saga.h" />
    <ClInclude Include="source\Saga\Application.h">
      <Filter>Saga</Filter>
    </ClInclude>
    <ClInclude Include="source\Saga\Core.h">
      <Filter>Saga</Filter>
    </ClInclude>
    <ClInclude Include="source\Saga\EntryPoint.h">
      <Filter>Saga</Filter>
    </ClInclude>
    <ClInclude Include="source\Saga\Log.h">
      <Filter>Saga</Filter>
    </ClInclude>
  </ItemGroup>
  <ItemGroup>
    <ClCompile Include="source\Saga\Application.cpp">
      <Filter>Saga</Filter>
    </ClCompile>
    <ClCompile Include="source\Saga\Log.cpp">
      <Filter>Saga</Filter>
    </ClCompile>
  </ItemGroup>
</Project>